
Microsoft Visual Studio Solution File, Format Version 12.00
# Visual Studio Version 16
VisualStudioVersion = 16.0.32510.428
MinimumVisualStudioVersion = 10.0.40219.1
Project("{8BC9CEB8-8B4A-11D0-8D11-00A0C91BC942}") = "TestThreadedClient1", "TestThreadedClient1.vcxproj", "{CDFD4E02-E8DB-48EC-8DC5-34AD0445325A}"
EndProject
Global
	GlobalSection(SolutionConfigurationPlatforms) = preSolution
		Debug|x64 = Debug|x64
		Debug|x86 = Debug|x86
		Release|x64 = Release|x64
		Release|x86 = Release|x86
	EndGlobalSection
	GlobalSection(ProjectConfigurationPlatforms) = postSolution
		{CDFD4E02-E8DB-48EC-8DC5-34AD0445325A}.Debug|x64.ActiveCfg = Debug|x64
		{CDFD4E02-E8DB-48EC-8DC5-34AD0445325A}.Debug|x64.Build.0 = Debug|x64
		{CDFD4E02-E8DB-48EC-8DC5-34AD0445325A}.Debug|x86.ActiveCfg = Debug|Win32
		{CDFD4E02-E8DB-48EC-8DC5-34AD0445325A}.Debug|x86.Build.0 = Debug|Win32
		{CDFD4E02-E8DB-48EC-8DC5-34AD0445325A}.Release|x64.ActiveCfg = Release|x64
		{CDFD4E02-E8DB-48EC-8DC5-34AD0445325A}.Release|x64.Build.0 = Release|x64
		{CDFD4E02-E8DB-48EC-8DC5-34AD0445325A}.Release|x86.ActiveCfg = Release|Win32
		{CDFD4E02-E8DB-48EC-8DC5-34AD0445325A}.Release|x86.Build.0 = Release|Win32
	EndGlobalSection
	GlobalSection(SolutionProperties) = preSolution
		HideSolutionNode = FALSE
	EndGlobalSection
	GlobalSection(ExtensibilityGlobals) = postSolution
		SolutionGuid = {D375DAF0-B3C3-4611-98A9-C515132F2CC9}
	EndGlobalSection
EndGlobal
